
Microsoft Visual Studio Solution File, Format Version 12.00
# Visual Studio Version 16
VisualStudioVersion = 16.0.30011.22
MinimumVisualStudioVersion = 10.0.40219.1
Project("{9A19103F-16F7-4668-BE54-9A1E7A4F7556}") = "OGameStatsRetrieverClient", "OGameStatsRetrieverClient\OGameStatsRetrieverClient.csproj", "{64A1618C-176D-4CEF-BDA6-EEF01352586A}"
EndProject
Project("{FAE04EC0-301F-11D3-BF4B-00C04F79EFBC}") = "OGameStatsRetrieverClient.Tests", "OGameStatsRetrieverClient.Tests\OGameStatsRetrieverClient.Tests.csproj", "{0A34907F-951D-4480-8A7C-218FB46199CB}"
EndProject
Global
	GlobalSection(SolutionConfigurationPlatforms) = preSolution
		Debug|Any CPU = Debug|Any CPU
		Release|Any CPU = Release|Any CPU
	EndGlobalSection
	GlobalSection(ProjectConfigurationPlatforms) = postSolution
		{64A1618C-176D-4CEF-BDA6-EEF01352586A}.Debug|Any CPU.ActiveCfg = Debug|Any CPU
		{64A1618C-176D-4CEF-BDA6-EEF01352586A}.Debug|Any CPU.Build.0 = Debug|Any CPU
		{64A1618C-176D-4CEF-BDA6-EEF01352586A}.Release|Any CPU.ActiveCfg = Release|Any CPU
		{64A1618C-176D-4CEF-BDA6-EEF01352586A}.Release|Any CPU.Build.0 = Release|Any CPU
		{0A34907F-951D-4480-8A7C-218FB46199CB}.Debug|Any CPU.ActiveCfg = Debug|Any CPU
		{0A34907F-951D-4480-8A7C-218FB46199CB}.Debug|Any CPU.Build.0 = Debug|Any CPU
		{0A34907F-951D-4480-8A7C-218FB46199CB}.Release|Any CPU.ActiveCfg = Release|Any CPU
		{0A34907F-951D-4480-8A7C-218FB46199CB}.Release|Any CPU.Build.0 = Release|Any CPU
	EndGlobalSection
	GlobalSection(SolutionProperties) = preSolution
		HideSolutionNode = FALSE
	EndGlobalSection
	GlobalSection(ExtensibilityGlobals) = postSolution
		SolutionGuid = {FA6DD611-EDC8-4C79-832B-C728C27B2D8C}
	EndGlobalSection
EndGlobal
